
Microsoft Visual Studio Solution File, Format Version 12.00
# Visual Studio Version 16
VisualStudioVersion = 16.0.31321.278
MinimumVisualStudioVersion = 10.0.40219.1
Project("{2150E333-8FDC-42A3-9474-1A3956D46DE8}") = "Module 5", "Module 5", "{0356496E-C047-4F12-B61F-AAA29CFB2964}"
EndProject
Project("{8BC9CEB8-8B4A-11D0-8D11-00A0C91BC942}") = "tutorial_05_02", "module05\tutorial_05_02\tutorial_05_02.vcxproj", "{5B954C6F-B4C5-4D7E-BD76-387E1B344D88}"
EndProject
Project("{8BC9CEB8-8B4A-11D0-8D11-00A0C91BC942}") = "tutorial_05_03", "module05\tutorial_05_03\tutorial_05_03.vcxproj", "{EA419362-AFC7-4AC3-BB34-D8C3F1759AF4}"
EndProject
Project("{8BC9CEB8-8B4A-11D0-8D11-00A0C91BC942}") = "tutorial_05_04", "module05\tutorial_05_04\tutorial_05_04.vcxproj", "{BC3B6B8B-A531-4A20-81C6-95A830E0B3C9}"
EndProject
Project("{8BC9CEB8-8B4A-11D0-8D11-00A0C91BC942}") = "tutorial_05_05", "module05\tutorial_05_05\tutorial_05_05.vcxproj", "{771C07F5-E6B0-49F9-A3ED-130FDA4962EE}"
EndProject
Project("{2150E333-8FDC-42A3-9474-1A3956D46DE8}") = "Module 6", "Module 6", "{6A4278CD-AED5-472B-99D1-A498B2B9987D}"
EndProject
Project("{8BC9CEB8-8B4A-11D0-8D11-00A0C91BC942}") = "tutorial_06_01", "module06\tutorial_06_01\tutorial_06_01.vcxproj", "{ED948959-04CF-472F-8D2D-D36B170D11FA}"
EndProject
Project("{8BC9CEB8-8B4A-11D0-8D11-00A0C91BC942}") = "tutorial_06_02", "module06\tutorial_06_02\tutorial_06_02.vcxproj", "{3FD188F7-985B-43DD-AD23-2D3241E6BBAC}"
EndProject
Project("{8BC9CEB8-8B4A-11D0-8D11-00A0C91BC942}") = "tutorial_06_03", "module06\tutorial_06_03\tutorial_06_03.vcxproj", "{31CA2112-A2EB-4620-A010-DCA3EA4FD0F1}"
EndProject
Global
	GlobalSection(SolutionConfigurationPlatforms) = preSolution
		Debug|x64 = Debug|x64
		Debug|x86 = Debug|x86
		Release|x64 = Release|x64
		Release|x86 = Release|x86
	EndGlobalSection
	GlobalSection(ProjectConfigurationPlatforms) = postSolution
		{5B954C6F-B4C5-4D7E-BD76-387E1B344D88}.Debug|x64.ActiveCfg = Debug|x64
		{5B954C6F-B4C5-4D7E-BD76-387E1B344D88}.Debug|x64.Build.0 = Debug|x64
		{5B954C6F-B4C5-4D7E-BD76-387E1B344D88}.Debug|x86.ActiveCfg = Debug|Win32
		{5B954C6F-B4C5-4D7E-BD76-387E1B344D88}.Debug|x86.Build.0 = Debug|Win32
		{5B954C6F-B4C5-4D7E-BD76-387E1B344D88}.Release|x64.ActiveCfg = Release|x64
		{5B954C6F-B4C5-4D7E-BD76-387E1B344D88}.Release|x64.Build.0 = Release|x64
		{5B954C6F-B4C5-4D7E-BD76-387E1B344D88}.Release|x86.ActiveCfg = Release|Win32
		{5B954C6F-B4C5-4D7E-BD76-387E1B344D88}.Release|x86.Build.0 = Release|Win32
		{EA419362-AFC7-4AC3-BB34-D8C3F1759AF4}.Debug|x64.ActiveCfg = Debug|x64
		{EA419362-AFC7-4AC3-BB34-D8C3F1759AF4}.Debug|x64.Build.0 = Debug|x64
		{EA419362-AFC7-4AC3-BB34-D8C3F1759AF4}.Debug|x86.ActiveCfg = Debug|Win32
		{EA419362-AFC7-4AC3-BB34-D8C3F1759AF4}.Debug|x86.Build.0 = Debug|Win32
		{EA419362-AFC7-4AC3-BB34-D8C3F1759AF4}.Release|x64.ActiveCfg = Release|x64
		{EA419362-AFC7-4AC3-BB34-D8C3F1759AF4}.Release|x64.Build.0 = Release|x64
		{EA419362-AFC7-4AC3-BB34-D8C3F1759AF4}.Release|x86.ActiveCfg = Release|Win32
		{EA419362-AFC7-4AC3-BB34-D8C3F1759AF4}.Release|x86.Build.0 = Release|Win32
		{BC3B6B8B-A531-4A20-81C6-95A830E0B3C9}.Debug|x64.ActiveCfg = Debug|x64
		{BC3B6B8B-A531-4A20-81C6-95A830E0B3C9}.Debug|x64.Build.0 = Debug|x64
		{BC3B6B8B-A531-4A20-81C6-95A830E0B3C9}.Debug|x86.ActiveCfg = Debug|Win32
		{BC3B6B8B-A531-4A20-81C6-95A830E0B3C9}.Debug|x86.Build.0 = Debug|Win32
		{BC3B6B8B-A531-4A20-81C6-95A830E0B3C9}.Release|x64.ActiveCfg = Release|x64
		{BC3B6B8B-A531-4A20-81C6-95A830E0B3C9}.Release|x64.Build.0 = Release|x64
		{BC3B6B8B-A531-4A20-81C6-95A830E0B3C9}.Release|x86.ActiveCfg = Release|Win32
		{BC3B6B8B-A531-4A20-81C6-95A830E0B3C9}.Release|x86.Build.0 = Release|Win32
		{771C07F5-E6B0-49F9-A3ED-130FDA4962EE}.Debug|x64.ActiveCfg = Debug|x64
		{771C07F5-E6B0-49F9-A3ED-130FDA4962EE}.Debug|x64.Build.0 = Debug|x64
		{771C07F5-E6B0-49F9-A3ED-130FDA4962EE}.Debug|x86.ActiveCfg = Debug|Win32
		{771C07F5-E6B0-49F9-A3ED-130FDA4962EE}.Debug|x86.Build.0 = Debug|Win32
		{771C07F5-E6B0-49F9-A3ED-130FDA4962EE}.Release|x64.ActiveCfg = Release|x64
		{771C07F5-E6B0-49F9-A3ED-130FDA4962EE}.Release|x64.Build.0 = Release|x64
		{771C07F5-E6B0-49F9-A3ED-130FDA4962EE}.Release|x86.ActiveCfg = Release|Win32
		{771C07F5-E6B0-49F9-A3ED-130FDA4962EE}.Release|x86.Build.0 = Release|Win32
		{ED948959-04CF-472F-8D2D-D36B170D11FA}.Debug|x64.ActiveCfg = Debug|x64
		{ED948959-04CF-472F-8D2D-D36B170D11FA}.Debug|x64.Build.0 = Debug|x64
		{ED948959-04CF-472F-8D2D-D36B170D11FA}.Debug|x86.ActiveCfg = Debug|Win32
		{ED948959-04CF-472F-8D2D-D36B170D11FA}.Debug|x86.Build.0 = Debug|Win32
		{ED948959-04CF-472F-8D2D-D36B170D11FA}.Release|x64.ActiveCfg = Release|x64
		{ED948959-04CF-472F-8D2D-D36B170D11FA}.Release|x64.Build.0 = Release|x64
		{ED948959-04CF-472F-8D2D-D36B170D11FA}.Release|x86.ActiveCfg = Release|Win32
		{ED948959-04CF-472F-8D2D-D36B170D11FA}.Release|x86.Build.0 = Release|Win32
		{3FD188F7-985B-43DD-AD23-2D3241E6BBAC}.Debug|x64.ActiveCfg = Debug|x64
		{3FD188F7-985B-43DD-AD23-2D3241E6BBAC}.Debug|x64.Build.0 = Debug|x64
		{3FD188F7-985B-43DD-AD23-2D3241E6BBAC}.Debug|x86.ActiveCfg = Debug|Win32
		{3FD188F7-985B-43DD-AD23-2D3241E6BBAC}.Debug|x86.Build.0 = Debug|Win32
		{3FD188F7-985B-43DD-AD23-2D3241E6BBAC}.Release|x64.ActiveCfg = Release|x64
		{3FD188F7-985B-43DD-AD23-2D3241E6BBAC}.Release|x64.Build.0 = Release|x64
		{3FD188F7-985B-43DD-AD23-2D3241E6BBAC}.Release|x86.ActiveCfg = Release|Win32
		{3FD188F7-985B-43DD-AD23-2D3241E6BBAC}.Release|x86.Build.0 = Release|Win32
		{31CA2112-A2EB-4620-A010-DCA3EA4FD0F1}.Debug|x64.ActiveCfg = Debug|x64
		{31CA2112-A2EB-4620-A010-DCA3EA4FD0F1}.Debug|x64.Build.0 = Debug|x64
		{31CA2112-A2EB-4620-A010-DCA3EA4FD0F1}.Debug|x86.ActiveCfg = Debug|Win32
		{31CA2112-A2EB-4620-A010-DCA3EA4FD0F1}.Debug|x86.Build.0 = Debug|Win32
		{31CA2112-A2EB-4620-A010-DCA3EA4FD0F1}.Release|x64.ActiveCfg = Release|x64
		{31CA2112-A2EB-4620-A010-DCA3EA4FD0F1}.Release|x64.Build.0 = Release|x64
		{31CA2112-A2EB-4620-A010-DCA3EA4FD0F1}.Release|x86.ActiveCfg = Release|Win32
		{31CA2112-A2EB-4620-A010-DCA3EA4FD0F1}.Release|x86.Build.0 = Release|Win32
	EndGlobalSection
	GlobalSection(SolutionProperties) = preSolution
		HideSolutionNode = FALSE
	EndGlobalSection
	GlobalSection(NestedProjects) = preSolution
		{5B954C6F-B4C5-4D7E-BD76-387E1B344D88} = {0356496E-C047-4F12-B61F-AAA29CFB2964}
		{EA419362-AFC7-4AC3-BB34-D8C3F1759AF4} = {0356496E-C047-4F12-B61F-AAA29CFB2964}
		{BC3B6B8B-A531-4A20-81C6-95A830E0B3C9} = {0356496E-C047-4F12-B61F-AAA29CFB2964}
		{771C07F5-E6B0-49F9-A3ED-130FDA4962EE} = {0356496E-C047-4F12-B61F-AAA29CFB2964}
		{ED948959-04CF-472F-8D2D-D36B170D11FA} = {6A4278CD-AED5-472B-99D1-A498B2B9987D}
		{3FD188F7-985B-43DD-AD23-2D3241E6BBAC} = {6A4278CD-AED5-472B-99D1-A498B2B9987D}
		{31CA2112-A2EB-4620-A010-DCA3EA4FD0F1} = {6A4278CD-AED5-472B-99D1-A498B2B9987D}
	EndGlobalSection
	GlobalSection(ExtensibilityGlobals) = postSolution
		SolutionGuid = {2BF9BBAE-B642-46A6-ADFF-B9FEF018D747}
	EndGlobalSection
EndGlobal
